{
  "name": "wicked-orchestration",
  "version": "0.1.0",
  "lockfileVersion": 3,
  "requires": true,
  "packages": {
    "": {
      "name": "wicked-orchestration",
      "version": "0.1.0",
      "license": "MIT",
      "bin": {
        "wicked-orchestration-call": "bin/wicked-orchestration-call.mjs"
      },
      "engines": {
        "node": ">=18"
      }
    }
  }
}
